// !$*UTF8*$!
{
	archiveVersion = 1;
	classes = {
	};
	objectVersion = 51;
	objects = {

/* Begin PBXBuildFile section */
		3ABB447234A520D62ABBC80D /* Pods_PoppinUITests.framework in Frameworks */ = {isa = PBXBuildFile; fileRef = 0823FB51CEE3FAF2844EBEDA /* Pods_PoppinUITests.framework */; };
		574BCA5FD5F3B04606C40C0A /* Pods_Poppin.framework in Frameworks */ = {isa = PBXBuildFile; fileRef = 07CD172F0C185410134FD0B5 /* Pods_Poppin.framework */; };
		6403142924A1F136006A55EB /* AppDelegate.swift in Sources */ = {isa = PBXBuildFile; fileRef = 6403142824A1F136006A55EB /* AppDelegate.swift */; };
		6403142B24A1F136006A55EB /* SceneDelegate.swift in Sources */ = {isa = PBXBuildFile; fileRef = 6403142A24A1F136006A55EB /* SceneDelegate.swift */; };
		6403143224A1F138006A55EB /* Assets.xcassets in Resources */ = {isa = PBXBuildFile; fileRef = 6403143124A1F138006A55EB /* Assets.xcassets */; };
		6403143524A1F138006A55EB /* LaunchScreen.storyboard in Resources */ = {isa = PBXBuildFile; fileRef = 6403143324A1F138006A55EB /* LaunchScreen.storyboard */; };
		6403144024A1F138006A55EB /* PoppinTests.swift in Sources */ = {isa = PBXBuildFile; fileRef = 6403143F24A1F138006A55EB /* PoppinTests.swift */; };
		6403144B24A1F138006A55EB /* PoppinUITests.swift in Sources */ = {isa = PBXBuildFile; fileRef = 6403144A24A1F138006A55EB /* PoppinUITests.swift */; };
		6409061624A37A2F00AD4FF6 /* StartViewController.swift in Sources */ = {isa = PBXBuildFile; fileRef = 6409061524A37A2F00AD4FF6 /* StartViewController.swift */; };
		6409061824A37AA600AD4FF6 /* LoginViewController.swift in Sources */ = {isa = PBXBuildFile; fileRef = 6409061724A37AA600AD4FF6 /* LoginViewController.swift */; };
		6409061A24A37B1500AD4FF6 /* ForgotPasswordViewController.swift in Sources */ = {isa = PBXBuildFile; fileRef = 6409061924A37B1500AD4FF6 /* ForgotPasswordViewController.swift */; };
		6409061C24A37BD600AD4FF6 /* SignUpFirstPageViewController.swift in Sources */ = {isa = PBXBuildFile; fileRef = 6409061B24A37BD600AD4FF6 /* SignUpFirstPageViewController.swift */; };
		6409061E24A37C8B00AD4FF6 /* SignUpSecondPageViewController.swift in Sources */ = {isa = PBXBuildFile; fileRef = 6409061D24A37C8B00AD4FF6 /* SignUpSecondPageViewController.swift */; };
		6409062024A37D7F00AD4FF6 /* SignUpThirdPageViewController.swift in Sources */ = {isa = PBXBuildFile; fileRef = 6409061F24A37D7F00AD4FF6 /* SignUpThirdPageViewController.swift */; };
		6417BC8D24A22B88006AE467 /* GoogleService-Info.plist in Resources */ = {isa = PBXBuildFile; fileRef = 6417BC8C24A22B88006AE467 /* GoogleService-Info.plist */; };
		6417BC9424A22DFC006AE467 /* OFL.txt in Resources */ = {isa = PBXBuildFile; fileRef = 6417BC8F24A22DFC006AE467 /* OFL.txt */; };
		6417BC9524A22DFC006AE467 /* Octarine-BoldOblique.otf in Resources */ = {isa = PBXBuildFile; fileRef = 6417BC9024A22DFC006AE467 /* Octarine-BoldOblique.otf */; };
		6417BC9624A22DFC006AE467 /* Octarine-LightOblique.otf in Resources */ = {isa = PBXBuildFile; fileRef = 6417BC9124A22DFC006AE467 /* Octarine-LightOblique.otf */; };
		6417BC9724A22DFC006AE467 /* Octarine-Bold.otf in Resources */ = {isa = PBXBuildFile; fileRef = 6417BC9224A22DFC006AE467 /* Octarine-Bold.otf */; };
		6417BC9824A22DFC006AE467 /* Octarine-Light.otf in Resources */ = {isa = PBXBuildFile; fileRef = 6417BC9324A22DFC006AE467 /* Octarine-Light.otf */; };
		6417BCA324A255CD006AE467 /* AlertViewController.swift in Sources */ = {isa = PBXBuildFile; fileRef = 6417BCA224A255CD006AE467 /* AlertViewController.swift */; };
		6417BCA624A25684006AE467 /* Extensions.swift in Sources */ = {isa = PBXBuildFile; fileRef = 6417BCA524A25684006AE467 /* Extensions.swift */; };
		6417BCAA24A25C4F006AE467 /* BouncyButtons.swift in Sources */ = {isa = PBXBuildFile; fileRef = 6417BCA924A25C4F006AE467 /* BouncyButtons.swift */; };
		6417BCAC24A25CE3006AE467 /* RefreshButton.swift in Sources */ = {isa = PBXBuildFile; fileRef = 6417BCAB24A25CE3006AE467 /* RefreshButton.swift */; };
		6417BCAF24A25FFE006AE467 /* UserLocationAnnotationView.swift in Sources */ = {isa = PBXBuildFile; fileRef = 6417BCAE24A25FFE006AE467 /* UserLocationAnnotationView.swift */; };
		6417BCB124A2606E006AE467 /* PopsicleAnnotationView.swift in Sources */ = {isa = PBXBuildFile; fileRef = 6417BCB024A2606E006AE467 /* PopsicleAnnotationView.swift */; };
		6417BCB324A260AF006AE467 /* PopsicleGroupAnnotationView.swift in Sources */ = {isa = PBXBuildFile; fileRef = 6417BCB224A260AF006AE467 /* PopsicleGroupAnnotationView.swift */; };
		6417BCB624A261CA006AE467 /* FiltersView.swift in Sources */ = {isa = PBXBuildFile; fileRef = 6417BCB524A261CA006AE467 /* FiltersView.swift */; };
		6417BCB824A26339006AE467 /* DarkOverlayView.swift in Sources */ = {isa = PBXBuildFile; fileRef = 6417BCB724A26339006AE467 /* DarkOverlayView.swift */; };
		6417BCBC24A2650A006AE467 /* Popsicles.swift in Sources */ = {isa = PBXBuildFile; fileRef = 6417BCBB24A2650A006AE467 /* Popsicles.swift */; };
		6417BCC124A2677C006AE467 /* SearchBar.swift in Sources */ = {isa = PBXBuildFile; fileRef = 6417BCC024A2677C006AE467 /* SearchBar.swift */; };
		6417BCC324A2680A006AE467 /* UserSearchCell.swift in Sources */ = {isa = PBXBuildFile; fileRef = 6417BCC224A2680A006AE467 /* UserSearchCell.swift */; };
		6417BCC524A2695D006AE467 /* LocationSearchCell.swift in Sources */ = {isa = PBXBuildFile; fileRef = 6417BCC424A2695D006AE467 /* LocationSearchCell.swift */; };
		64941ECA24A39F6E00824E9B /* MapViewController.swift in Sources */ = {isa = PBXBuildFile; fileRef = 64941EC924A39F6E00824E9B /* MapViewController.swift */; };
		64941ECD24A3A71300824E9B /* SearchViewController.swift in Sources */ = {isa = PBXBuildFile; fileRef = 64941ECC24A3A71300824E9B /* SearchViewController.swift */; };
		64941ED024A3AB9600824E9B /* ProfileViewController.swift in Sources */ = {isa = PBXBuildFile; fileRef = 64941ECF24A3AB9600824E9B /* ProfileViewController.swift */; };
		64941ED624A3B15000824E9B /* CreatePopsicleFirstPageViewController.swift in Sources */ = {isa = PBXBuildFile; fileRef = 64941ED524A3B15000824E9B /* CreatePopsicleFirstPageViewController.swift */; };
		64941ED824A3B27800824E9B /* CreatePopsicleSecondPageViewController.swift in Sources */ = {isa = PBXBuildFile; fileRef = 64941ED724A3B27800824E9B /* CreatePopsicleSecondPageViewController.swift */; };
		DF9361364A8A4D79034EA69F /* Pods_PoppinTests.framework in Frameworks */ = {isa = PBXBuildFile; fileRef = F652D2BA96ABB01F0DF64A78 /* Pods_PoppinTests.framework */; };
/* End PBXBuildFile section */

/* Begin PBXContainerItemProxy section */
		6403143C24A1F138006A55EB /* PBXContainerItemProxy */ = {
			isa = PBXContainerItemProxy;
			containerPortal = 6403141D24A1F136006A55EB /* Project object */;
			proxyType = 1;
			remoteGlobalIDString = 6403142424A1F136006A55EB;
			remoteInfo = Poppin;
		};
		6403144724A1F138006A55EB /* PBXContainerItemProxy */ = {
			isa = PBXContainerItemProxy;
			containerPortal = 6403141D24A1F136006A55EB /* Project object */;
			proxyType = 1;
			remoteGlobalIDString = 6403142424A1F136006A55EB;
			remoteInfo = Poppin;
		};
/* End PBXContainerItemProxy section */

/* Begin PBXFileReference section */
		07CD172F0C185410134FD0B5 /* Pods_Poppin.framework */ = {isa = PBXFileReference; explicitFileType = wrapper.framework; includeInIndex = 0; path = Pods_Poppin.framework; sourceTree = BUILT_PRODUCTS_DIR; };
		0823FB51CEE3FAF2844EBEDA /* Pods_PoppinUITests.framework */ = {isa = PBXFileReference; explicitFileType = wrapper.framework; includeInIndex = 0; path = Pods_PoppinUITests.framework; sourceTree = BUILT_PRODUCTS_DIR; };
		17D2E37BE269A77B46C4F0DF /* Pods-Poppin.release.xcconfig */ = {isa = PBXFileReference; includeInIndex = 1; lastKnownFileType = text.xcconfig; name = "Pods-Poppin.release.xcconfig"; path = "Target Support Files/Pods-Poppin/Pods-Poppin.release.xcconfig"; sourceTree = "<group>"; };
		4C9F83690175608166E84509 /* Pods-PoppinTests.debug.xcconfig */ = {isa = PBXFileReference; includeInIndex = 1; lastKnownFileType = text.xcconfig; name = "Pods-PoppinTests.debug.xcconfig"; path = "Target Support Files/Pods-PoppinTests/Pods-PoppinTests.debug.xcconfig"; sourceTree = "<group>"; };
		567DF2038F48A1A16BD15FC2 /* Pods-PoppinUITests.debug.xcconfig */ = {isa = PBXFileReference; includeInIndex = 1; lastKnownFileType = text.xcconfig; name = "Pods-PoppinUITests.debug.xcconfig"; path = "Target Support Files/Pods-PoppinUITests/Pods-PoppinUITests.debug.xcconfig"; sourceTree = "<group>"; };
		6403142524A1F136006A55EB /* Poppin.app */ = {isa = PBXFileReference; explicitFileType = wrapper.application; includeInIndex = 0; path = Poppin.app; sourceTree = BUILT_PRODUCTS_DIR; };
		6403142824A1F136006A55EB /* AppDelegate.swift */ = {isa = PBXFileReference; lastKnownFileType = sourcecode.swift; path = AppDelegate.swift; sourceTree = "<group>"; };
		6403142A24A1F136006A55EB /* SceneDelegate.swift */ = {isa = PBXFileReference; lastKnownFileType = sourcecode.swift; path = SceneDelegate.swift; sourceTree = "<group>"; };
		6403143124A1F138006A55EB /* Assets.xcassets */ = {isa = PBXFileReference; lastKnownFileType = folder.assetcatalog; path = Assets.xcassets; sourceTree = "<group>"; };
		6403143424A1F138006A55EB /* Base */ = {isa = PBXFileReference; lastKnownFileType = file.storyboard; name = Base; path = Base.lproj/LaunchScreen.storyboard; sourceTree = "<group>"; };
		6403143624A1F138006A55EB /* Info.plist */ = {isa = PBXFileReference; lastKnownFileType = text.plist.xml; path = Info.plist; sourceTree = "<group>"; };
		6403143B24A1F138006A55EB /* PoppinTests.xctest */ = {isa = PBXFileReference; explicitFileType = wrapper.cfbundle; includeInIndex = 0; path = PoppinTests.xctest; sourceTree = BUILT_PRODUCTS_DIR; };
		6403143F24A1F138006A55EB /* PoppinTests.swift */ = {isa = PBXFileReference; lastKnownFileType = sourcecode.swift; path = PoppinTests.swift; sourceTree = "<group>"; };
		6403144124A1F138006A55EB /* Info.plist */ = {isa = PBXFileReference; lastKnownFileType = text.plist.xml; path = Info.plist; sourceTree = "<group>"; };
		6403144624A1F138006A55EB /* PoppinUITests.xctest */ = {isa = PBXFileReference; explicitFileType = wrapper.cfbundle; includeInIndex = 0; path = PoppinUITests.xctest; sourceTree = BUILT_PRODUCTS_DIR; };
		6403144A24A1F138006A55EB /* PoppinUITests.swift */ = {isa = PBXFileReference; lastKnownFileType = sourcecode.swift; path = PoppinUITests.swift; sourceTree = "<group>"; };
		6403144C24A1F138006A55EB /* Info.plist */ = {isa = PBXFileReference; lastKnownFileType = text.plist.xml; path = Info.plist; sourceTree = "<group>"; };
		6409061524A37A2F00AD4FF6 /* StartViewController.swift */ = {isa = PBXFileReference; lastKnownFileType = sourcecode.swift; path = StartViewController.swift; sourceTree = "<group>"; };
		6409061724A37AA600AD4FF6 /* LoginViewController.swift */ = {isa = PBXFileReference; lastKnownFileType = sourcecode.swift; path = LoginViewController.swift; sourceTree = "<group>"; };
		6409061924A37B1500AD4FF6 /* ForgotPasswordViewController.swift */ = {isa = PBXFileReference; lastKnownFileType = sourcecode.swift; path = ForgotPasswordViewController.swift; sourceTree = "<group>"; };
		6409061B24A37BD600AD4FF6 /* SignUpFirstPageViewController.swift */ = {isa = PBXFileReference; lastKnownFileType = sourcecode.swift; path = SignUpFirstPageViewController.swift; sourceTree = "<group>"; };
		6409061D24A37C8B00AD4FF6 /* SignUpSecondPageViewController.swift */ = {isa = PBXFileReference; lastKnownFileType = sourcecode.swift; path = SignUpSecondPageViewController.swift; sourceTree = "<group>"; };
		6409061F24A37D7F00AD4FF6 /* SignUpThirdPageViewController.swift */ = {isa = PBXFileReference; lastKnownFileType = sourcecode.swift; path = SignUpThirdPageViewController.swift; sourceTree = "<group>"; };
		6417BC8C24A22B88006AE467 /* GoogleService-Info.plist */ = {isa = PBXFileReference; fileEncoding = 4; lastKnownFileType = text.plist.xml; path = "GoogleService-Info.plist"; sourceTree = "<group>"; };
		6417BC8F24A22DFC006AE467 /* OFL.txt */ = {isa = PBXFileReference; fileEncoding = 4; lastKnownFileType = text; path = OFL.txt; sourceTree = "<group>"; };
		6417BC9024A22DFC006AE467 /* Octarine-BoldOblique.otf */ = {isa = PBXFileReference; lastKnownFileType = file; path = "Octarine-BoldOblique.otf"; sourceTree = "<group>"; };
		6417BC9124A22DFC006AE467 /* Octarine-LightOblique.otf */ = {isa = PBXFileReference; lastKnownFileType = file; path = "Octarine-LightOblique.otf"; sourceTree = "<group>"; };
		6417BC9224A22DFC006AE467 /* Octarine-Bold.otf */ = {isa = PBXFileReference; lastKnownFileType = file; path = "Octarine-Bold.otf"; sourceTree = "<group>"; };
		6417BC9324A22DFC006AE467 /* Octarine-Light.otf */ = {isa = PBXFileReference; lastKnownFileType = file; path = "Octarine-Light.otf"; sourceTree = "<group>"; };
		6417BC9924A22E54006AE467 /* CustomLocation.gpx */ = {isa = PBXFileReference; lastKnownFileType = text.xml; path = CustomLocation.gpx; sourceTree = "<group>"; };
		6417BCA224A255CD006AE467 /* AlertViewController.swift */ = {isa = PBXFileReference; lastKnownFileType = sourcecode.swift; path = AlertViewController.swift; sourceTree = "<group>"; };
		6417BCA524A25684006AE467 /* Extensions.swift */ = {isa = PBXFileReference; lastKnownFileType = sourcecode.swift; path = Extensions.swift; sourceTree = "<group>"; };
		6417BCA924A25C4F006AE467 /* BouncyButtons.swift */ = {isa = PBXFileReference; lastKnownFileType = sourcecode.swift; path = BouncyButtons.swift; sourceTree = "<group>"; };
		6417BCAB24A25CE3006AE467 /* RefreshButton.swift */ = {isa = PBXFileReference; lastKnownFileType = sourcecode.swift; path = RefreshButton.swift; sourceTree = "<group>"; };
		6417BCAE24A25FFE006AE467 /* UserLocationAnnotationView.swift */ = {isa = PBXFileReference; lastKnownFileType = sourcecode.swift; path = UserLocationAnnotationView.swift; sourceTree = "<group>"; };
		6417BCB024A2606E006AE467 /* PopsicleAnnotationView.swift */ = {isa = PBXFileReference; lastKnownFileType = sourcecode.swift; path = PopsicleAnnotationView.swift; sourceTree = "<group>"; };
		6417BCB224A260AF006AE467 /* PopsicleGroupAnnotationView.swift */ = {isa = PBXFileReference; lastKnownFileType = sourcecode.swift; path = PopsicleGroupAnnotationView.swift; sourceTree = "<group>"; };
		6417BCB524A261CA006AE467 /* FiltersView.swift */ = {isa = PBXFileReference; lastKnownFileType = sourcecode.swift; path = FiltersView.swift; sourceTree = "<group>"; };
		6417BCB724A26339006AE467 /* DarkOverlayView.swift */ = {isa = PBXFileReference; lastKnownFileType = sourcecode.swift; path = DarkOverlayView.swift; sourceTree = "<group>"; };
		6417BCBB24A2650A006AE467 /* Popsicles.swift */ = {isa = PBXFileReference; lastKnownFileType = sourcecode.swift; path = Popsicles.swift; sourceTree = "<group>"; };
		6417BCC024A2677C006AE467 /* SearchBar.swift */ = {isa = PBXFileReference; lastKnownFileType = sourcecode.swift; path = SearchBar.swift; sourceTree = "<group>"; };
		6417BCC224A2680A006AE467 /* UserSearchCell.swift */ = {isa = PBXFileReference; lastKnownFileType = sourcecode.swift; path = UserSearchCell.swift; sourceTree = "<group>"; };
		6417BCC424A2695D006AE467 /* LocationSearchCell.swift */ = {isa = PBXFileReference; lastKnownFileType = sourcecode.swift; path = LocationSearchCell.swift; sourceTree = "<group>"; };
		64941EC924A39F6E00824E9B /* MapViewController.swift */ = {isa = PBXFileReference; lastKnownFileType = sourcecode.swift; path = MapViewController.swift; sourceTree = "<group>"; };
		64941ECC24A3A71300824E9B /* SearchViewController.swift */ = {isa = PBXFileReference; lastKnownFileType = sourcecode.swift; path = SearchViewController.swift; sourceTree = "<group>"; };
		64941ECF24A3AB9600824E9B /* ProfileViewController.swift */ = {isa = PBXFileReference; lastKnownFileType = sourcecode.swift; path = ProfileViewController.swift; sourceTree = "<group>"; };
		64941ED524A3B15000824E9B /* CreatePopsicleFirstPageViewController.swift */ = {isa = PBXFileReference; lastKnownFileType = sourcecode.swift; path = CreatePopsicleFirstPageViewController.swift; sourceTree = "<group>"; };
		64941ED724A3B27800824E9B /* CreatePopsicleSecondPageViewController.swift */ = {isa = PBXFileReference; lastKnownFileType = sourcecode.swift; path = CreatePopsicleSecondPageViewController.swift; sourceTree = "<group>"; };
		750AA0A58BE046A14348C685 /* Pods-PoppinUITests.release.xcconfig */ = {isa = PBXFileReference; includeInIndex = 1; lastKnownFileType = text.xcconfig; name = "Pods-PoppinUITests.release.xcconfig"; path = "Target Support Files/Pods-PoppinUITests/Pods-PoppinUITests.release.xcconfig"; sourceTree = "<group>"; };
		7F8FC9DB1D6B16FAE8A8E2D5 /* Pods-Poppin.debug.xcconfig */ = {isa = PBXFileReference; includeInIndex = 1; lastKnownFileType = text.xcconfig; name = "Pods-Poppin.debug.xcconfig"; path = "Target Support Files/Pods-Poppin/Pods-Poppin.debug.xcconfig"; sourceTree = "<group>"; };
		92CAEE3D8A3DFC7F3929803F /* Pods-PoppinTests.release.xcconfig */ = {isa = PBXFileReference; includeInIndex = 1; lastKnownFileType = text.xcconfig; name = "Pods-PoppinTests.release.xcconfig"; path = "Target Support Files/Pods-PoppinTests/Pods-PoppinTests.release.xcconfig"; sourceTree = "<group>"; };
		F652D2BA96ABB01F0DF64A78 /* Pods_PoppinTests.framework */ = {isa = PBXFileReference; explicitFileType = wrapper.framework; includeInIndex = 0; path = Pods_PoppinTests.framework; sourceTree = BUILT_PRODUCTS_DIR; };
/* End PBXFileReference section */

/* Begin PBXFrameworksBuildPhase section */
		6403142224A1F136006A55EB /* Frameworks */ = {
			isa = PBXFrameworksBuildPhase;
			buildActionMask = 2147483647;
			files = (
				574BCA5FD5F3B04606C40C0A /* Pods_Poppin.framework in Frameworks */,
			);
			runOnlyForDeploymentPostprocessing = 0;
		};
		6403143824A1F138006A55EB /* Frameworks */ = {
			isa = PBXFrameworksBuildPhase;
			buildActionMask = 2147483647;
			files = (
				DF9361364A8A4D79034EA69F /* Pods_PoppinTests.framework in Frameworks */,
			);
			runOnlyForDeploymentPostprocessing = 0;
		};
		6403144324A1F138006A55EB /* Frameworks */ = {
			isa = PBXFrameworksBuildPhase;
			buildActionMask = 2147483647;
			files = (
				3ABB447234A520D62ABBC80D /* Pods_PoppinUITests.framework in Frameworks */,
			);
			runOnlyForDeploymentPostprocessing = 0;
		};
/* End PBXFrameworksBuildPhase section */

/* Begin PBXGroup section */
		6403141C24A1F136006A55EB = {
			isa = PBXGroup;
			children = (
				6403142724A1F136006A55EB /* Poppin */,
				6403143E24A1F138006A55EB /* PoppinTests */,
				6403144924A1F138006A55EB /* PoppinUITests */,
				6403142624A1F136006A55EB /* Products */,
				9DBBE40F5CDFC4B83B6BE2EC /* Pods */,
				9BC670D25DB8C3608F200E00 /* Frameworks */,
			);
			sourceTree = "<group>";
		};
		6403142624A1F136006A55EB /* Products */ = {
			isa = PBXGroup;
			children = (
				6403142524A1F136006A55EB /* Poppin.app */,
				6403143B24A1F138006A55EB /* PoppinTests.xctest */,
				6403144624A1F138006A55EB /* PoppinUITests.xctest */,
			);
			name = Products;
			sourceTree = "<group>";
		};
		6403142724A1F136006A55EB /* Poppin */ = {
			isa = PBXGroup;
			children = (
				6417BCA724A25BE6006AE467 /* Views */,
				6417BCA424A25652006AE467 /* Miscellaneous */,
				6417BCA024A2559E006AE467 /* Controllers */,
				6417BC8E24A22C74006AE467 /* Fonts */,
				6403142824A1F136006A55EB /* AppDelegate.swift */,
				6403142A24A1F136006A55EB /* SceneDelegate.swift */,
				6403143124A1F138006A55EB /* Assets.xcassets */,
				6403143324A1F138006A55EB /* LaunchScreen.storyboard */,
				6403143624A1F138006A55EB /* Info.plist */,
				6417BC8C24A22B88006AE467 /* GoogleService-Info.plist */,
				6417BC9924A22E54006AE467 /* CustomLocation.gpx */,
			);
			path = Poppin;
			sourceTree = "<group>";
		};
		6403143E24A1F138006A55EB /* PoppinTests */ = {
			isa = PBXGroup;
			children = (
				6403143F24A1F138006A55EB /* PoppinTests.swift */,
				6403144124A1F138006A55EB /* Info.plist */,
			);
			path = PoppinTests;
			sourceTree = "<group>";
		};
		6403144924A1F138006A55EB /* PoppinUITests */ = {
			isa = PBXGroup;
			children = (
				6403144A24A1F138006A55EB /* PoppinUITests.swift */,
				6403144C24A1F138006A55EB /* Info.plist */,
			);
			path = PoppinUITests;
			sourceTree = "<group>";
		};
		6409061424A3799C00AD4FF6 /* Login */ = {
			isa = PBXGroup;
			children = (
				6409061724A37AA600AD4FF6 /* LoginViewController.swift */,
				6409061924A37B1500AD4FF6 /* ForgotPasswordViewController.swift */,
				6409061B24A37BD600AD4FF6 /* SignUpFirstPageViewController.swift */,
				6409061D24A37C8B00AD4FF6 /* SignUpSecondPageViewController.swift */,
				6409061F24A37D7F00AD4FF6 /* SignUpThirdPageViewController.swift */,
			);
			path = Login;
			sourceTree = "<group>";
		};
		6409062124A37E9C00AD4FF6 /* Start */ = {
			isa = PBXGroup;
			children = (
				6409061524A37A2F00AD4FF6 /* StartViewController.swift */,
			);
			path = Start;
			sourceTree = "<group>";
		};
		6417BC8E24A22C74006AE467 /* Fonts */ = {
			isa = PBXGroup;
			children = (
				6417BC9224A22DFC006AE467 /* Octarine-Bold.otf */,
				6417BC9024A22DFC006AE467 /* Octarine-BoldOblique.otf */,
				6417BC9324A22DFC006AE467 /* Octarine-Light.otf */,
				6417BC9124A22DFC006AE467 /* Octarine-LightOblique.otf */,
				6417BC8F24A22DFC006AE467 /* OFL.txt */,
			);
			path = Fonts;
			sourceTree = "<group>";
		};
		6417BCA024A2559E006AE467 /* Controllers */ = {
			isa = PBXGroup;
			children = (
				64941ED424A3B0E100824E9B /* Create */,
				64941ECE24A3AB7F00824E9B /* Profile */,
				64941ECB24A3A69200824E9B /* Search */,
				64941EC824A39F4B00824E9B /* Map */,
				6409062124A37E9C00AD4FF6 /* Start */,
				6409061424A3799C00AD4FF6 /* Login */,
				6417BCA124A255B2006AE467 /* Alert */,
			);
			path = Controllers;
			sourceTree = "<group>";
		};
		6417BCA124A255B2006AE467 /* Alert */ = {
			isa = PBXGroup;
			children = (
				6417BCA224A255CD006AE467 /* AlertViewController.swift */,
			);
			path = Alert;
			sourceTree = "<group>";
		};
		6417BCA424A25652006AE467 /* Miscellaneous */ = {
			isa = PBXGroup;
			children = (
				6417BCA524A25684006AE467 /* Extensions.swift */,
				6417BCBB24A2650A006AE467 /* Popsicles.swift */,
			);
			path = Miscellaneous;
			sourceTree = "<group>";
		};
		6417BCA724A25BE6006AE467 /* Views */ = {
			isa = PBXGroup;
			children = (
				6417BCBF24A26755006AE467 /* Search Bar */,
				6417BCB424A26177006AE467 /* Map */,
				6417BCAD24A25FBA006AE467 /* Annotations */,
				6417BCA824A25C2C006AE467 /* Buttons */,
			);
			path = Views;
			sourceTree = "<group>";
		};
		6417BCA824A25C2C006AE467 /* Buttons */ = {
			isa = PBXGroup;
			children = (
				6417BCA924A25C4F006AE467 /* BouncyButtons.swift */,
				6417BCAB24A25CE3006AE467 /* RefreshButton.swift */,
			);
			path = Buttons;
			sourceTree = "<group>";
		};
		6417BCAD24A25FBA006AE467 /* Annotations */ = {
			isa = PBXGroup;
			children = (
				6417BCAE24A25FFE006AE467 /* UserLocationAnnotationView.swift */,
				6417BCB024A2606E006AE467 /* PopsicleAnnotationView.swift */,
				6417BCB224A260AF006AE467 /* PopsicleGroupAnnotationView.swift */,
			);
			path = Annotations;
			sourceTree = "<group>";
		};
		6417BCB424A26177006AE467 /* Map */ = {
			isa = PBXGroup;
			children = (
				6417BCB524A261CA006AE467 /* FiltersView.swift */,
				6417BCB724A26339006AE467 /* DarkOverlayView.swift */,
			);
			path = Map;
			sourceTree = "<group>";
		};
		6417BCBF24A26755006AE467 /* Search Bar */ = {
			isa = PBXGroup;
			children = (
				6417BCC024A2677C006AE467 /* SearchBar.swift */,
				6417BCC224A2680A006AE467 /* UserSearchCell.swift */,
				6417BCC424A2695D006AE467 /* LocationSearchCell.swift */,
			);
			path = "Search Bar";
			sourceTree = "<group>";
		};
		64941EC824A39F4B00824E9B /* Map */ = {
			isa = PBXGroup;
			children = (
				64941EC924A39F6E00824E9B /* MapViewController.swift */,
			);
			path = Map;
			sourceTree = "<group>";
		};
		64941ECB24A3A69200824E9B /* Search */ = {
			isa = PBXGroup;
			children = (
				64941ECC24A3A71300824E9B /* SearchViewController.swift */,
			);
			path = Search;
			sourceTree = "<group>";
		};
		64941ECE24A3AB7F00824E9B /* Profile */ = {
			isa = PBXGroup;
			children = (
				64941ECF24A3AB9600824E9B /* ProfileViewController.swift */,
			);
			path = Profile;
			sourceTree = "<group>";
		};
		64941ED424A3B0E100824E9B /* Create */ = {
			isa = PBXGroup;
			children = (
				64941ED524A3B15000824E9B /* CreatePopsicleFirstPageViewController.swift */,
				64941ED724A3B27800824E9B /* CreatePopsicleSecondPageViewController.swift */,
			);
			path = Create;
			sourceTree = "<group>";
		};
		9BC670D25DB8C3608F200E00 /* Frameworks */ = {
			isa = PBXGroup;
			children = (
				07CD172F0C185410134FD0B5 /* Pods_Poppin.framework */,
				F652D2BA96ABB01F0DF64A78 /* Pods_PoppinTests.framework */,
				0823FB51CEE3FAF2844EBEDA /* Pods_PoppinUITests.framework */,
			);
			name = Frameworks;
			sourceTree = "<group>";
		};
		9DBBE40F5CDFC4B83B6BE2EC /* Pods */ = {
			isa = PBXGroup;
			children = (
				7F8FC9DB1D6B16FAE8A8E2D5 /* Pods-Poppin.debug.xcconfig */,
				17D2E37BE269A77B46C4F0DF /* Pods-Poppin.release.xcconfig */,
				4C9F83690175608166E84509 /* Pods-PoppinTests.debug.xcconfig */,
				92CAEE3D8A3DFC7F3929803F /* Pods-PoppinTests.release.xcconfig */,
				567DF2038F48A1A16BD15FC2 /* Pods-PoppinUITests.debug.xcconfig */,
				750AA0A58BE046A14348C685 /* Pods-PoppinUITests.release.xcconfig */,
			);
			path = Pods;
			sourceTree = "<group>";
		};
/* End PBXGroup section */

/* Begin PBXNativeTarget section */
		6403142424A1F136006A55EB /* Poppin */ = {
			isa = PBXNativeTarget;
			buildConfigurationList = 6403144F24A1F138006A55EB /* Build configuration list for PBXNativeTarget "Poppin" */;
			buildPhases = (
				F1F9C02DB151D512056D0EC1 /* [CP] Check Pods Manifest.lock */,
				6403142124A1F136006A55EB /* Sources */,
				6403142224A1F136006A55EB /* Frameworks */,
				6403142324A1F136006A55EB /* Resources */,
				EC266EBA1860E07E32B165F8 /* [CP] Embed Pods Frameworks */,
			);
			buildRules = (
			);
			dependencies = (
			);
			name = Poppin;
			productName = Poppin;
			productReference = 6403142524A1F136006A55EB /* Poppin.app */;
			productType = "com.apple.product-type.application";
		};
		6403143A24A1F138006A55EB /* PoppinTests */ = {
			isa = PBXNativeTarget;
			buildConfigurationList = 6403145224A1F138006A55EB /* Build configuration list for PBXNativeTarget "PoppinTests" */;
			buildPhases = (
				FBB71A94523B809FB6BB26D3 /* [CP] Check Pods Manifest.lock */,
				6403143724A1F138006A55EB /* Sources */,
				6403143824A1F138006A55EB /* Frameworks */,
				6403143924A1F138006A55EB /* Resources */,
			);
			buildRules = (
			);
			dependencies = (
				6403143D24A1F138006A55EB /* PBXTargetDependency */,
			);
			name = PoppinTests;
			productName = PoppinTests;
			productReference = 6403143B24A1F138006A55EB /* PoppinTests.xctest */;
			productType = "com.apple.product-type.bundle.unit-test";
		};
		6403144524A1F138006A55EB /* PoppinUITests */ = {
			isa = PBXNativeTarget;
			buildConfigurationList = 6403145524A1F138006A55EB /* Build configuration list for PBXNativeTarget "PoppinUITests" */;
			buildPhases = (
				15F7CB4AE5EEA1B1E0F5DE8F /* [CP] Check Pods Manifest.lock */,
				6403144224A1F138006A55EB /* Sources */,
				6403144324A1F138006A55EB /* Frameworks */,
				6403144424A1F138006A55EB /* Resources */,
			);
			buildRules = (
			);
			dependencies = (
				6403144824A1F138006A55EB /* PBXTargetDependency */,
			);
			name = PoppinUITests;
			productName = PoppinUITests;
			productReference = 6403144624A1F138006A55EB /* PoppinUITests.xctest */;
			productType = "com.apple.product-type.bundle.ui-testing";
		};
/* End PBXNativeTarget section */

/* Begin PBXProject section */
		6403141D24A1F136006A55EB /* Project object */ = {
			isa = PBXProject;
			attributes = {
				LastSwiftUpdateCheck = 1130;
				LastUpgradeCheck = 1130;
				ORGANIZATIONNAME = "Poppin Tech LLC";
				TargetAttributes = {
					6403142424A1F136006A55EB = {
						CreatedOnToolsVersion = 11.3.1;
					};
					6403143A24A1F138006A55EB = {
						CreatedOnToolsVersion = 11.3.1;
						TestTargetID = 6403142424A1F136006A55EB;
					};
					6403144524A1F138006A55EB = {
						CreatedOnToolsVersion = 11.3.1;
						TestTargetID = 6403142424A1F136006A55EB;
					};
				};
			};
			buildConfigurationList = 6403142024A1F136006A55EB /* Build configuration list for PBXProject "Poppin" */;
			compatibilityVersion = "Xcode 9.3";
			developmentRegion = en;
			hasScannedForEncodings = 0;
			knownRegions = (
				en,
				Base,
			);
			mainGroup = 6403141C24A1F136006A55EB;
			productRefGroup = 6403142624A1F136006A55EB /* Products */;
			projectDirPath = "";
			projectRoot = "";
			targets = (
				6403142424A1F136006A55EB /* Poppin */,
				6403143A24A1F138006A55EB /* PoppinTests */,
				6403144524A1F138006A55EB /* PoppinUITests */,
			);
		};
/* End PBXProject section */

/* Begin PBXResourcesBuildPhase section */
		6403142324A1F136006A55EB /* Resources */ = {
			isa = PBXResourcesBuildPhase;
			buildActionMask = 2147483647;
			files = (
				6403143524A1F138006A55EB /* LaunchScreen.storyboard in Resources */,
				6403143224A1F138006A55EB /* Assets.xcassets in Resources */,
				6417BC9424A22DFC006AE467 /* OFL.txt in Resources */,
				6417BC9824A22DFC006AE467 /* Octarine-Light.otf in Resources */,
				6417BC9624A22DFC006AE467 /* Octarine-LightOblique.otf in Resources */,
				6417BC9524A22DFC006AE467 /* Octarine-BoldOblique.otf in Resources */,
				6417BC8D24A22B88006AE467 /* GoogleService-Info.plist in Resources */,
				6417BC9724A22DFC006AE467 /* Octarine-Bold.otf in Resources */,
			);
			runOnlyForDeploymentPostprocessing = 0;
		};
		6403143924A1F138006A55EB /* Resources */ = {
			isa = PBXResourcesBuildPhase;
			buildActionMask = 2147483647;
			files = (
			);
			runOnlyForDeploymentPostprocessing = 0;
		};
		6403144424A1F138006A55EB /* Resources */ = {
			isa = PBXResourcesBuildPhase;
			buildActionMask = 2147483647;
			files = (
			);
			runOnlyForDeploymentPostprocessing = 0;
		};
/* End PBXResourcesBuildPhase section */

/* Begin PBXShellScriptBuildPhase section */
		15F7CB4AE5EEA1B1E0F5DE8F /* [CP] Check Pods Manifest.lock */ = {
			isa = PBXShellScriptBuildPhase;
			buildActionMask = 2147483647;
			files = (
			);
			inputFileListPaths = (
			);
			inputPaths = (
				"${PODS_PODFILE_DIR_PATH}/Podfile.lock",
				"${PODS_ROOT}/Manifest.lock",
			);
			name = "[CP] Check Pods Manifest.lock";
			outputFileListPaths = (
			);
			outputPaths = (
				"$(DERIVED_FILE_DIR)/Pods-PoppinUITests-checkManifestLockResult.txt",
			);
			runOnlyForDeploymentPostprocessing = 0;
			shellPath = /bin/sh;
			shellScript = "diff \"${PODS_PODFILE_DIR_PATH}/Podfile.lock\" \"${PODS_ROOT}/Manifest.lock\" > /dev/null\nif [ $? != 0 ] ; then\n    # print error to STDERR\n    echo \"error: The sandbox is not in sync with the Podfile.lock. Run 'pod install' or update your CocoaPods installation.\" >&2\n    exit 1\nfi\n# This output is used by Xcode 'outputs' to avoid re-running this script phase.\necho \"SUCCESS\" > \"${SCRIPT_OUTPUT_FILE_0}\"\n";
			showEnvVarsInLog = 0;
		};
		EC266EBA1860E07E32B165F8 /* [CP] Embed Pods Frameworks */ = {
			isa = PBXShellScriptBuildPhase;
			buildActionMask = 2147483647;
			files = (
			);
			inputFileListPaths = (
				"${PODS_ROOT}/Target Support Files/Pods-Poppin/Pods-Poppin-frameworks-${CONFIGURATION}-input-files.xcfilelist",
			);
			name = "[CP] Embed Pods Frameworks";
			outputFileListPaths = (
				"${PODS_ROOT}/Target Support Files/Pods-Poppin/Pods-Poppin-frameworks-${CONFIGURATION}-output-files.xcfilelist",
			);
			runOnlyForDeploymentPostprocessing = 0;
			shellPath = /bin/sh;
			shellScript = "\"${PODS_ROOT}/Target Support Files/Pods-Poppin/Pods-Poppin-frameworks.sh\"\n";
			showEnvVarsInLog = 0;
		};
		F1F9C02DB151D512056D0EC1 /* [CP] Check Pods Manifest.lock */ = {
			isa = PBXShellScriptBuildPhase;
			buildActionMask = 2147483647;
			files = (
			);
			inputFileListPaths = (
			);
			inputPaths = (
				"${PODS_PODFILE_DIR_PATH}/Podfile.lock",
				"${PODS_ROOT}/Manifest.lock",
			);
			name = "[CP] Check Pods Manifest.lock";
			outputFileListPaths = (
			);
			outputPaths = (
				"$(DERIVED_FILE_DIR)/Pods-Poppin-checkManifestLockResult.txt",
			);
			runOnlyForDeploymentPostprocessing = 0;
			shellPath = /bin/sh;
			shellScript = "diff \"${PODS_PODFILE_DIR_PATH}/Podfile.lock\" \"${PODS_ROOT}/Manifest.lock\" > /dev/null\nif [ $? != 0 ] ; then\n    # print error to STDERR\n    echo \"error: The sandbox is not in sync with the Podfile.lock. Run 'pod install' or update your CocoaPods installation.\" >&2\n    exit 1\nfi\n# This output is used by Xcode 'outputs' to avoid re-running this script phase.\necho \"SUCCESS\" > \"${SCRIPT_OUTPUT_FILE_0}\"\n";
			showEnvVarsInLog = 0;
		};
		FBB71A94523B809FB6BB26D3 /* [CP] Check Pods Manifest.lock */ = {
			isa = PBXShellScriptBuildPhase;
			buildActionMask = 2147483647;
			files = (
			);
			inputFileListPaths = (
			);
			inputPaths = (
				"${PODS_PODFILE_DIR_PATH}/Podfile.lock",
				"${PODS_ROOT}/Manifest.lock",
			);
			name = "[CP] Check Pods Manifest.lock";
			outputFileListPaths = (
			);
			outputPaths = (
				"$(DERIVED_FILE_DIR)/Pods-PoppinTests-checkManifestLockResult.txt",
			);
			runOnlyForDeploymentPostprocessing = 0;
			shellPath = /bin/sh;
			shellScript = "diff \"${PODS_PODFILE_DIR_PATH}/Podfile.lock\" \"${PODS_ROOT}/Manifest.lock\" > /dev/null\nif [ $? != 0 ] ; then\n    # print error to STDERR\n    echo \"error: The sandbox is not in sync with the Podfile.lock. Run 'pod install' or update your CocoaPods installation.\" >&2\n    exit 1\nfi\n# This output is used by Xcode 'outputs' to avoid re-running this script phase.\necho \"SUCCESS\" > \"${SCRIPT_OUTPUT_FILE_0}\"\n";
			showEnvVarsInLog = 0;
		};
/* End PBXShellScriptBuildPhase section */

/* Begin PBXSourcesBuildPhase section */
		6403142124A1F136006A55EB /* Sources */ = {
			isa = PBXSourcesBuildPhase;
			buildActionMask = 2147483647;
			files = (
				6409061824A37AA600AD4FF6 /* LoginViewController.swift in Sources */,
				64941ED624A3B15000824E9B /* CreatePopsicleFirstPageViewController.swift in Sources */,
				6417BCA624A25684006AE467 /* Extensions.swift in Sources */,
				6417BCAC24A25CE3006AE467 /* RefreshButton.swift in Sources */,
				6417BCC524A2695D006AE467 /* LocationSearchCell.swift in Sources */,
				6417BCBC24A2650A006AE467 /* Popsicles.swift in Sources */,
				6417BCAF24A25FFE006AE467 /* UserLocationAnnotationView.swift in Sources */,
				6417BCB824A26339006AE467 /* DarkOverlayView.swift in Sources */,
				6409061A24A37B1500AD4FF6 /* ForgotPasswordViewController.swift in Sources */,
				6409061E24A37C8B00AD4FF6 /* SignUpSecondPageViewController.swift in Sources */,
				64941ED824A3B27800824E9B /* CreatePopsicleSecondPageViewController.swift in Sources */,
				64941ECA24A39F6E00824E9B /* MapViewController.swift in Sources */,
				6417BCB624A261CA006AE467 /* FiltersView.swift in Sources */,
				6417BCC124A2677C006AE467 /* SearchBar.swift in Sources */,
				6403142924A1F136006A55EB /* AppDelegate.swift in Sources */,
				6409061C24A37BD600AD4FF6 /* SignUpFirstPageViewController.swift in Sources */,
				6409061624A37A2F00AD4FF6 /* StartViewController.swift in Sources */,
				6417BCB124A2606E006AE467 /* PopsicleAnnotationView.swift in Sources */,
				6417BCC324A2680A006AE467 /* UserSearchCell.swift in Sources */,
				64941ECD24A3A71300824E9B /* SearchViewController.swift in Sources */,
				6417BCAA24A25C4F006AE467 /* BouncyButtons.swift in Sources */,
				6403142B24A1F136006A55EB /* SceneDelegate.swift in Sources */,
				6409062024A37D7F00AD4FF6 /* SignUpThirdPageViewController.swift in Sources */,
				64941ED024A3AB9600824E9B /* ProfileViewController.swift in Sources */,
				6417BCB324A260AF006AE467 /* PopsicleGroupAnnotationView.swift in Sources */,
				6417BCA324A255CD006AE467 /* AlertViewController.swift in Sources */,
			);
			runOnlyForDeploymentPostprocessing = 0;
		};
		6403143724A1F138006A55EB /* Sources */ = {
			isa = PBXSourcesBuildPhase;
			buildActionMask = 2147483647;
			files = (
				6403144024A1F138006A55EB /* PoppinTests.swift in Sources */,
			);
			runOnlyForDeploymentPostprocessing = 0;
		};
		6403144224A1F138006A55EB /* Sources */ = {
			isa = PBXSourcesBuildPhase;
			buildActionMask = 2147483647;
			files = (
				6403144B24A1F138006A55EB /* PoppinUITests.swift in Sources */,
			);
			runOnlyForDeploymentPostprocessing = 0;
		};
/* End PBXSourcesBuildPhase section */

/* Begin PBXTargetDependency section */
		6403143D24A1F138006A55EB /* PBXTargetDependency */ = {
			isa = PBXTargetDependency;
			target = 6403142424A1F136006A55EB /* Poppin */;
			targetProxy = 6403143C24A1F138006A55EB /* PBXContainerItemProxy */;
		};
		6403144824A1F138006A55EB /* PBXTargetDependency */ = {
			isa = PBXTargetDependency;
			target = 6403142424A1F136006A55EB /* Poppin */;
			targetProxy = 6403144724A1F138006A55EB /* PBXContainerItemProxy */;
		};
/* End PBXTargetDependency section */

/* Begin PBXVariantGroup section */
		6403143324A1F138006A55EB /* LaunchScreen.storyboard */ = {
			isa = PBXVariantGroup;
			children = (
				6403143424A1F138006A55EB /* Base */,
			);
			name = LaunchScreen.storyboard;
			sourceTree = "<group>";
		};
/* End PBXVariantGroup section */

/* Begin XCBuildConfiguration section */
		6403144D24A1F138006A55EB /* Debug */ = {
			isa = XCBuildConfiguration;
			buildSettings = {
				ALWAYS_SEARCH_USER_PATHS = NO;
				CLANG_ANALYZER_NONNULL = YES;
				CLANG_ANALYZER_NUMBER_OBJECT_CONVERSION = YES_AGGRESSIVE;
				CLANG_CXX_LANGUAGE_STANDARD = "gnu++14";
				CLANG_CXX_LIBRARY = "libc++";
				CLANG_ENABLE_MODULES = YES;
				CLANG_ENABLE_OBJC_ARC = YES;
				CLANG_ENABLE_OBJC_WEAK = YES;
				CLANG_WARN_BLOCK_CAPTURE_AUTORELEASING = YES;
				CLANG_WARN_BOOL_CONVERSION = YES;
				CLANG_WARN_COMMA = YES;
				CLANG_WARN_CONSTANT_CONVERSION = YES;
				CLANG_WARN_DEPRECATED_OBJC_IMPLEMENTATIONS = YES;
				CLANG_WARN_DIRECT_OBJC_ISA_USAGE = YES_ERROR;
				CLANG_WARN_DOCUMENTATION_COMMENTS = YES;
				CLANG_WARN_EMPTY_BODY = YES;
				CLANG_WARN_ENUM_CONVERSION = YES;
				CLANG_WARN_INFINITE_RECURSION = YES;
				CLANG_WARN_INT_CONVERSION = YES;
				CLANG_WARN_NON_LITERAL_NULL_CONVERSION = YES;
				CLANG_WARN_OBJC_IMPLICIT_RETAIN_SELF = YES;
				CLANG_WARN_OBJC_LITERAL_CONVERSION = YES;
				CLANG_WARN_OBJC_ROOT_CLASS = YES_ERROR;
				CLANG_WARN_RANGE_LOOP_ANALYSIS = YES;
				CLANG_WARN_STRICT_PROTOTYPES = YES;
				CLANG_WARN_SUSPICIOUS_MOVE = YES;
				CLANG_WARN_UNGUARDED_AVAILABILITY = YES_AGGRESSIVE;
				CLANG_WARN_UNREACHABLE_CODE = YES;
				CLANG_WARN__DUPLICATE_METHOD_MATCH = YES;
				COPY_PHASE_STRIP = NO;
				DEBUG_INFORMATION_FORMAT = dwarf;
				ENABLE_STRICT_OBJC_MSGSEND = YES;
				ENABLE_TESTABILITY = YES;
				GCC_C_LANGUAGE_STANDARD = gnu11;
				GCC_DYNAMIC_NO_PIC = NO;
				GCC_NO_COMMON_BLOCKS = YES;
				GCC_OPTIMIZATION_LEVEL = 0;
				GCC_PREPROCESSOR_DEFINITIONS = (
					"DEBUG=1",
					"$(inherited)",
				);
				GCC_WARN_64_TO_32_BIT_CONVERSION = YES;
				GCC_WARN_ABOUT_RETURN_TYPE = YES_ERROR;
				GCC_WARN_UNDECLARED_SELECTOR = YES;
				GCC_WARN_UNINITIALIZED_AUTOS = YES_AGGRESSIVE;
				GCC_WARN_UNUSED_FUNCTION = YES;
				GCC_WARN_UNUSED_VARIABLE = YES;
				IPHONEOS_DEPLOYMENT_TARGET = 13.2;
				MTL_ENABLE_DEBUG_INFO = INCLUDE_SOURCE;
				MTL_FAST_MATH = YES;
				ONLY_ACTIVE_ARCH = YES;
				SDKROOT = iphoneos;
				SWIFT_ACTIVE_COMPILATION_CONDITIONS = DEBUG;
				SWIFT_OPTIMIZATION_LEVEL = "-Onone";
			};
			name = Debug;
		};
		6403144E24A1F138006A55EB /* Release */ = {
			isa = XCBuildConfiguration;
			buildSettings = {
				ALWAYS_SEARCH_USER_PATHS = NO;
				CLANG_ANALYZER_NONNULL = YES;
				CLANG_ANALYZER_NUMBER_OBJECT_CONVERSION = YES_AGGRESSIVE;
				CLANG_CXX_LANGUAGE_STANDARD = "gnu++14";
				CLANG_CXX_LIBRARY = "libc++";
				CLANG_ENABLE_MODULES = YES;
				CLANG_ENABLE_OBJC_ARC = YES;
				CLANG_ENABLE_OBJC_WEAK = YES;
				CLANG_WARN_BLOCK_CAPTURE_AUTORELEASING = YES;
				CLANG_WARN_BOOL_CONVERSION = YES;
				CLANG_WARN_COMMA = YES;
				CLANG_WARN_CONSTANT_CONVERSION = YES;
				CLANG_WARN_DEPRECATED_OBJC_IMPLEMENTATIONS = YES;
				CLANG_WARN_DIRECT_OBJC_ISA_USAGE = YES_ERROR;
				CLANG_WARN_DOCUMENTATION_COMMENTS = YES;
				CLANG_WARN_EMPTY_BODY = YES;
				CLANG_WARN_ENUM_CONVERSION = YES;
				CLANG_WARN_INFINITE_RECURSION = YES;
				CLANG_WARN_INT_CONVERSION = YES;
				CLANG_WARN_NON_LITERAL_NULL_CONVERSION = YES;
				CLANG_WARN_OBJC_IMPLICIT_RETAIN_SELF = YES;
				CLANG_WARN_OBJC_LITERAL_CONVERSION = YES;
				CLANG_WARN_OBJC_ROOT_CLASS = YES_ERROR;
				CLANG_WARN_RANGE_LOOP_ANALYSIS = YES;
				CLANG_WARN_STRICT_PROTOTYPES = YES;
				CLANG_WARN_SUSPICIOUS_MOVE = YES;
				CLANG_WARN_UNGUARDED_AVAILABILITY = YES_AGGRESSIVE;
				CLANG_WARN_UNREACHABLE_CODE = YES;
				CLANG_WARN__DUPLICATE_METHOD_MATCH = YES;
				COPY_PHASE_STRIP = NO;
				DEBUG_INFORMATION_FORMAT = "dwarf-with-dsym";
				ENABLE_NS_ASSERTIONS = NO;
				ENABLE_STRICT_OBJC_MSGSEND = YES;
				GCC_C_LANGUAGE_STANDARD = gnu11;
				GCC_NO_COMMON_BLOCKS = YES;
				GCC_WARN_64_TO_32_BIT_CONVERSION = YES;
				GCC_WARN_ABOUT_RETURN_TYPE = YES_ERROR;
				GCC_WARN_UNDECLARED_SELECTOR = YES;
				GCC_WARN_UNINITIALIZED_AUTOS = YES_AGGRESSIVE;
				GCC_WARN_UNUSED_FUNCTION = YES;
				GCC_WARN_UNUSED_VARIABLE = YES;
				IPHONEOS_DEPLOYMENT_TARGET = 13.2;
				MTL_ENABLE_DEBUG_INFO = NO;
				MTL_FAST_MATH = YES;
				SDKROOT = iphoneos;
				SWIFT_COMPILATION_MODE = wholemodule;
				SWIFT_OPTIMIZATION_LEVEL = "-O";
				VALIDATE_PRODUCT = YES;
			};
			name = Release;
		};
		6403145024A1F138006A55EB /* Debug */ = {
			isa = XCBuildConfiguration;
			baseConfigurationReference = 7F8FC9DB1D6B16FAE8A8E2D5 /* Pods-Poppin.debug.xcconfig */;
			buildSettings = {
				ASSETCATALOG_COMPILER_APPICON_NAME = AppIcon;
				CODE_SIGN_STYLE = Automatic;
				INFOPLIST_FILE = Poppin/Info.plist;
				LD_RUNPATH_SEARCH_PATHS = (
					"$(inherited)",
					"@executable_path/Frameworks",
				);
				PRODUCT_BUNDLE_IDENTIFIER = Poppin.Poppin;
				PRODUCT_NAME = "$(TARGET_NAME)";
				SWIFT_VERSION = 5.0;
				TARGETED_DEVICE_FAMILY = 1;
			};
			name = Debug;
		};
		6403145124A1F138006A55EB /* Release */ = {
			isa = XCBuildConfiguration;
			baseConfigurationReference = 17D2E37BE269A77B46C4F0DF /* Pods-Poppin.release.xcconfig */;
			buildSettings = {
				ASSETCATALOG_COMPILER_APPICON_NAME = AppIcon;
				CODE_SIGN_STYLE = Automatic;
				INFOPLIST_FILE = Poppin/Info.plist;
				LD_RUNPATH_SEARCH_PATHS = (
					"$(inherited)",
					"@executable_path/Frameworks",
				);
				PRODUCT_BUNDLE_IDENTIFIER = Poppin.Poppin;
				PRODUCT_NAME = "$(TARGET_NAME)";
				SWIFT_VERSION = 5.0;
				TARGETED_DEVICE_FAMILY = 1;
			};
			name = Release;
		};
		6403145324A1F138006A55EB /* Debug */ = {
			isa = XCBuildConfiguration;
			baseConfigurationReference = 4C9F83690175608166E84509 /* Pods-PoppinTests.debug.xcconfig */;
			buildSettings = {
				ALWAYS_EMBED_SWIFT_STANDARD_LIBRARIES = YES;
				BUNDLE_LOADER = "$(TEST_HOST)";
				CODE_SIGN_STYLE = Automatic;
				INFOPLIST_FILE = PoppinTests/Info.plist;
				IPHONEOS_DEPLOYMENT_TARGET = 13.2;
				LD_RUNPATH_SEARCH_PATHS = (
					"$(inherited)",
					"@executable_path/Frameworks",
					"@loader_path/Frameworks",
				);
				PRODUCT_BUNDLE_IDENTIFIER = PoppinTechLLC.PoppinTests;
				PRODUCT_NAME = "$(TARGET_NAME)";
				SWIFT_VERSION = 5.0;
				TARGETED_DEVICE_FAMILY = "1,2";
				TEST_HOST = "$(BUILT_PRODUCTS_DIR)/Poppin.app/Poppin";
			};
			name = Debug;
		};
		6403145424A1F138006A55EB /* Release */ = {
			isa = XCBuildConfiguration;
			baseConfigurationReference = 92CAEE3D8A3DFC7F3929803F /* Pods-PoppinTests.release.xcconfig */;
			buildSettings = {
				ALWAYS_EMBED_SWIFT_STANDARD_LIBRARIES = YES;
				BUNDLE_LOADER = "$(TEST_HOST)";
				CODE_SIGN_STYLE = Automatic;
				INFOPLIST_FILE = PoppinTests/Info.plist;
				IPHONEOS_DEPLOYMENT_TARGET = 13.2;
				LD_RUNPATH_SEARCH_PATHS = (
					"$(inherited)",
					"@executable_path/Frameworks",
					"@loader_path/Frameworks",
				);
				PRODUCT_BUNDLE_IDENTIFIER = PoppinTechLLC.PoppinTests;
				PRODUCT_NAME = "$(TARGET_NAME)";
				SWIFT_VERSION = 5.0;
				TARGETED_DEVICE_FAMILY = "1,2";
				TEST_HOST = "$(BUILT_PRODUCTS_DIR)/Poppin.app/Poppin";
			};
			name = Release;
		};
		6403145624A1F138006A55EB /* Debug */ = {
			isa = XCBuildConfiguration;
			baseConfigurationReference = 567DF2038F48A1A16BD15FC2 /* Pods-PoppinUITests.debug.xcconfig */;
			buildSettings = {
				ALWAYS_EMBED_SWIFT_STANDARD_LIBRARIES = YES;
				CODE_SIGN_STYLE = Automatic;
				INFOPLIST_FILE = PoppinUITests/Info.plist;
				LD_RUNPATH_SEARCH_PATHS = (
					"$(inherited)",
					"@executable_path/Frameworks",
					"@loader_path/Frameworks",
				);
				PRODUCT_BUNDLE_IDENTIFIER = PoppinTechLLC.PoppinUITests;
				PRODUCT_NAME = "$(TARGET_NAME)";
				SWIFT_VERSION = 5.0;
				TARGETED_DEVICE_FAMILY = "1,2";
				TEST_TARGET_NAME = Poppin;
			};
			name = Debug;
		};
		6403145724A1F138006A55EB /* Release */ = {
			isa = XCBuildConfiguration;
			baseConfigurationReference = 750AA0A58BE046A14348C685 /* Pods-PoppinUITests.release.xcconfig */;
			buildSettings = {
				ALWAYS_EMBED_SWIFT_STANDARD_LIBRARIES = YES;
				CODE_SIGN_STYLE = Automatic;
				INFOPLIST_FILE = PoppinUITests/Info.plist;
				LD_RUNPATH_SEARCH_PATHS = (
					"$(inherited)",
					"@executable_path/Frameworks",
					"@loader_path/Frameworks",
				);
				PRODUCT_BUNDLE_IDENTIFIER = PoppinTechLLC.PoppinUITests;
				PRODUCT_NAME = "$(TARGET_NAME)";
				SWIFT_VERSION = 5.0;
				TARGETED_DEVICE_FAMILY = "1,2";
				TEST_TARGET_NAME = Poppin;
			};
			name = Release;
		};
/* End XCBuildConfiguration section */

/* Begin XCConfigurationList section */
		6403142024A1F136006A55EB /* Build configuration list for PBXProject "Poppin" */ = {
			isa = XCConfigurationList;
			buildConfigurations = (
				6403144D24A1F138006A55EB /* Debug */,
				6403144E24A1F138006A55EB /* Release */,
			);
			defaultConfigurationIsVisible = 0;
			defaultConfigurationName = Release;
		};
		6403144F24A1F138006A55EB /* Build configuration list for PBXNativeTarget "Poppin" */ = {
			isa = XCConfigurationList;
			buildConfigurations = (
				6403145024A1F138006A55EB /* Debug */,
				6403145124A1F138006A55EB /* Release */,
			);
			defaultConfigurationIsVisible = 0;
			defaultConfigurationName = Release;
		};
		6403145224A1F138006A55EB /* Build configuration list for PBXNativeTarget "PoppinTests" */ = {
			isa = XCConfigurationList;
			buildConfigurations = (
				6403145324A1F138006A55EB /* Debug */,
				6403145424A1F138006A55EB /* Release */,
			);
			defaultConfigurationIsVisible = 0;
			defaultConfigurationName = Release;
		};
		6403145524A1F138006A55EB /* Build configuration list for PBXNativeTarget "PoppinUITests" */ = {
			isa = XCConfigurationList;
			buildConfigurations = (
				6403145624A1F138006A55EB /* Debug */,
				6403145724A1F138006A55EB /* Release */,
			);
			defaultConfigurationIsVisible = 0;
			defaultConfigurationName = Release;
		};
/* End XCConfigurationList section */
	};
	rootObject = 6403141D24A1F136006A55EB /* Project object */;
}
